{
    "version": 3,
    "terraform_version": "0.11.7",
    "serial": 14,
    "lineage": "9af815a6-d120-825b-6517-24e5328cd42f",
    "modules": [
        {
            "path": [
                "root"
            ],
            "outputs": {},
            "resources": {
                "aws_instance.web": {
                    "type": "aws_instance",
                    "depends_on": [
                        "aws_key_pair.local",
                        "aws_security_group.web",
                        "aws_subnet.subnet_01"
                    ],
                    "primary": {
                        "id": "i-078ea105f63ce7e10",
                        "attributes": {
                            "ami": "ami-5c150e23",
                            "arn": "arn:aws:ec2:us-east-1:279121917916:instance/i-078ea105f63ce7e10",
                            "associate_public_ip_address": "true",
                            "availability_zone": "us-east-1b",
                            "cpu_core_count": "1",
                            "cpu_threads_per_core": "1",
                            "credit_specification.#": "1",
                            "credit_specification.0.cpu_credits": "standard",
                            "disable_api_termination": "false",
                            "ebs_block_device.#": "0",
                            "ebs_optimized": "false",
                            "ephemeral_block_device.#": "0",
                            "get_password_data": "false",
                            "iam_instance_profile": "",
                            "id": "i-078ea105f63ce7e10",
                            "instance_state": "running",
                            "instance_type": "t2.micro",
                            "ipv6_addresses.#": "0",
                            "key_name": "vibe",
                            "monitoring": "false",
                            "network_interface.#": "0",
                            "network_interface_id": "eni-08b43bbd2c823714e",
                            "password_data": "",
                            "placement_group": "",
                            "primary_network_interface_id": "eni-08b43bbd2c823714e",
                            "private_dns": "ip-192-168-10-218.ec2.internal",
                            "private_ip": "192.168.10.218",
                            "public_dns": "",
                            "public_ip": "34.237.145.196",
                            "root_block_device.#": "1",
                            "root_block_device.0.delete_on_termination": "true",
                            "root_block_device.0.iops": "100",
                            "root_block_device.0.volume_id": "vol-0ece0eedae9304fee",
                            "root_block_device.0.volume_size": "8",
                            "root_block_device.0.volume_type": "gp2",
                            "security_groups.#": "0",
                            "source_dest_check": "true",
                            "subnet_id": "subnet-0bcd6a6fbe08413b1",
                            "tags.%": "1",
                            "tags.Name": "my-first-terraform-instance",
                            "tenancy": "default",
                            "user_data": "6d707c9a4e001bb9dac33c108206df6c23906c56",
                            "volume_tags.%": "0",
                            "vpc_security_group_ids.#": "1",
                            "vpc_security_group_ids.286486089": "sg-025701435333bdbca"
                        },
                        "meta": {
                            "e2bfb730-ecaa-11e6-8f88-34363bc7c4c0": {
                                "create": 600000000000,
                                "delete": 1200000000000,
                                "update": 600000000000
                            },
                            "schema_version": "1"
                        },
                        "tainted": false
                    },
                    "deposed": [],
                    "provider": "provider.aws"
                },
                "aws_internet_gateway.dev_igw": {
                    "type": "aws_internet_gateway",
                    "depends_on": [
                        "aws_vpc.development"
                    ],
                    "primary": {
                        "id": "igw-09343d5e6a7b9e867",
                        "attributes": {
                            "id": "igw-09343d5e6a7b9e867",
                            "tags.%": "1",
                            "tags.Name": "dev-igw",
                            "vpc_id": "vpc-004fc02ff89658ce4"
                        },
                        "meta": {},
                        "tainted": false
                    },
                    "deposed": [],
                    "provider": "provider.aws"
                },
                "aws_key_pair.local": {
                    "type": "aws_key_pair",
                    "depends_on": [],
                    "primary": {
                        "id": "vibe",
                        "attributes": {
                            "fingerprint": "33:64:f9:04:63:ee:92:47:33:26:4b:c5:6e:8b:33:03",
                            "id": "vibe",
                            "key_name": "vibe",
                            "public_key": "ssh-rsa AAAAB3NzaC1yc2EAAAADAQABAAABAQC4Q2TBuAD7ijkPjp+/Hl/QnrNo4hoZEz/l+UBsfvlDuJk8zfh0ivnQLtoYyXNuJ3/BjTVVIchrGo8CLZdTco//n+YBvMqgW4Wg5F92JNNkR5L5x04ELRUmC3ed1ZqbwrLmujzB33nMJ8Ld5dJjtS55KJa5MwkCaP7lqGicU2NgXe+if2DhCKW/lZyCpkkvRgmB7oEqj6aBWNjp+FMY4v6BtcmmB/+1Ry+GMvmZJO1EjSeUHAWCec3snX7TxJKHf4opwTHxknmhRKkz8+pS8rxyjiBeyncxP9jL9Tx/Zh6qmExCUfuhAWk87sjbb3j0enVs2LtzJOG9eBZ726wD83TJ vibe@vibes-MacBook-Air.local"
                        },
                        "meta": {
                            "schema_version": "1"
                        },
                        "tainted": false
                    },
                    "deposed": [],
                    "provider": "provider.aws"
                },
                "aws_route_table.rt_01": {
                    "type": "aws_route_table",
                    "depends_on": [
                        "aws_internet_gateway.dev_igw",
                        "aws_vpc.development"
                    ],
                    "primary": {
                        "id": "rtb-0f08eda698ea313e3",
                        "attributes": {
                            "id": "rtb-0f08eda698ea313e3",
                            "propagating_vgws.#": "0",
                            "route.#": "1",
                            "route.816683184.cidr_block": "0.0.0.0/0",
                            "route.816683184.egress_only_gateway_id": "",
                            "route.816683184.gateway_id": "igw-09343d5e6a7b9e867",
                            "route.816683184.instance_id": "",
                            "route.816683184.ipv6_cidr_block": "",
                            "route.816683184.nat_gateway_id": "",
                            "route.816683184.network_interface_id": "",
                            "route.816683184.vpc_peering_connection_id": "",
                            "tags.%": "0",
                            "vpc_id": "vpc-004fc02ff89658ce4"
                        },
                        "meta": {},
                        "tainted": false
                    },
                    "deposed": [],
                    "provider": "provider.aws"
                },
                "aws_route_table_association.dev-rt-asn": {
                    "type": "aws_route_table_association",
                    "depends_on": [
                        "aws_route_table.rt_01",
                        "aws_subnet.subnet_01"
                    ],
                    "primary": {
                        "id": "rtbassoc-012e0121e806c596d",
                        "attributes": {
                            "id": "rtbassoc-012e0121e806c596d",
                            "route_table_id": "rtb-0f08eda698ea313e3",
                            "subnet_id": "subnet-0bcd6a6fbe08413b1"
                        },
                        "meta": {},
                        "tainted": false
                    },
                    "deposed": [],
                    "provider": "provider.aws"
                },
                "aws_security_group.db": {
                    "type": "aws_security_group",
                    "depends_on": [
                        "aws_subnet.subnet_01",
                        "aws_vpc.development"
                    ],
                    "primary": {
                        "id": "sg-0079015f84336bd2e",
                        "attributes": {
                            "arn": "arn:aws:ec2:us-east-1:279121917916:security-group/sg-0079015f84336bd2e",
                            "description": "Managed by Terraform",
                            "egress.#": "0",
                            "id": "sg-0079015f84336bd2e",
                            "ingress.#": "1",
                            "ingress.1625483564.cidr_blocks.#": "1",
                            "ingress.1625483564.cidr_blocks.0": "192.168.10.0/24",
                            "ingress.1625483564.description": "",
                            "ingress.1625483564.from_port": "3306",
                            "ingress.1625483564.ipv6_cidr_blocks.#": "0",
                            "ingress.1625483564.protocol": "tcp",
                            "ingress.1625483564.security_groups.#": "0",
                            "ingress.1625483564.self": "false",
                            "ingress.1625483564.to_port": "3306",
                            "name": "demoapp-db-sg",
                            "owner_id": "279121917916",
                            "revoke_rules_on_delete": "false",
                            "tags.%": "0",
                            "vpc_id": "vpc-004fc02ff89658ce4"
                        },
                        "meta": {
                            "e2bfb730-ecaa-11e6-8f88-34363bc7c4c0": {
                                "create": 600000000000,
                                "delete": 600000000000
                            },
                            "schema_version": "1"
                        },
                        "tainted": false
                    },
                    "deposed": [],
                    "provider": "provider.aws"
                },
                "aws_security_group.web": {
                    "type": "aws_security_group",
                    "depends_on": [
                        "aws_vpc.development"
                    ],
                    "primary": {
                        "id": "sg-025701435333bdbca",
                        "attributes": {
                            "arn": "arn:aws:ec2:us-east-1:279121917916:security-group/sg-025701435333bdbca",
                            "description": "Managed by Terraform",
                            "egress.#": "1",
                            "egress.482069346.cidr_blocks.#": "1",
                            "egress.482069346.cidr_blocks.0": "0.0.0.0/0",
                            "egress.482069346.description": "",
                            "egress.482069346.from_port": "0",
                            "egress.482069346.ipv6_cidr_blocks.#": "0",
                            "egress.482069346.prefix_list_ids.#": "0",
                            "egress.482069346.protocol": "-1",
                            "egress.482069346.security_groups.#": "0",
                            "egress.482069346.self": "false",
                            "egress.482069346.to_port": "0",
                            "id": "sg-025701435333bdbca",
                            "ingress.#": "2",
                            "ingress.2214680975.cidr_blocks.#": "1",
                            "ingress.2214680975.cidr_blocks.0": "0.0.0.0/0",
                            "ingress.2214680975.description": "",
                            "ingress.2214680975.from_port": "80",
                            "ingress.2214680975.ipv6_cidr_blocks.#": "0",
                            "ingress.2214680975.protocol": "tcp",
                            "ingress.2214680975.security_groups.#": "0",
                            "ingress.2214680975.self": "false",
                            "ingress.2214680975.to_port": "80",
                            "ingress.2541437006.cidr_blocks.#": "1",
                            "ingress.2541437006.cidr_blocks.0": "0.0.0.0/0",
                            "ingress.2541437006.description": "",
                            "ingress.2541437006.from_port": "22",
                            "ingress.2541437006.ipv6_cidr_blocks.#": "0",
                            "ingress.2541437006.protocol": "tcp",
                            "ingress.2541437006.security_groups.#": "0",
                            "ingress.2541437006.self": "false",
                            "ingress.2541437006.to_port": "22",
                            "name": "terraform-course-sg",
                            "owner_id": "279121917916",
                            "revoke_rules_on_delete": "false",
                            "tags.%": "0",
                            "vpc_id": "vpc-004fc02ff89658ce4"
                        },
                        "meta": {
                            "e2bfb730-ecaa-11e6-8f88-34363bc7c4c0": {
                                "create": 600000000000,
                                "delete": 600000000000
                            },
                            "schema_version": "1"
                        },
                        "tainted": false
                    },
                    "deposed": [],
                    "provider": "provider.aws"
                },
                "aws_subnet.subnet_01": {
                    "type": "aws_subnet",
                    "depends_on": [
                        "aws_vpc.development"
                    ],
                    "primary": {
                        "id": "subnet-0bcd6a6fbe08413b1",
                        "attributes": {
                            "assign_ipv6_address_on_creation": "false",
                            "availability_zone": "us-east-1b",
                            "cidr_block": "192.168.10.0/24",
                            "id": "subnet-0bcd6a6fbe08413b1",
                            "map_public_ip_on_launch": "false",
                            "tags.%": "1",
                            "tags.Name": "pubsub-01",
                            "vpc_id": "vpc-004fc02ff89658ce4"
                        },
                        "meta": {
                            "schema_version": "1"
                        },
                        "tainted": false
                    },
                    "deposed": [],
                    "provider": "provider.aws"
                },
                "aws_subnet.subnet_02": {
                    "type": "aws_subnet",
                    "depends_on": [
                        "aws_vpc.development"
                    ],
                    "primary": {
                        "id": "subnet-0eae5f9ade30d11fc",
                        "attributes": {
                            "assign_ipv6_address_on_creation": "false",
                            "availability_zone": "us-east-1c",
                            "cidr_block": "192.168.20.0/24",
                            "id": "subnet-0eae5f9ade30d11fc",
                            "map_public_ip_on_launch": "false",
                            "tags.%": "1",
                            "tags.Name": "pubsub-02",
                            "vpc_id": "vpc-004fc02ff89658ce4"
                        },
                        "meta": {
                            "schema_version": "1"
                        },
                        "tainted": false
                    },
                    "deposed": [],
                    "provider": "provider.aws"
                },
                "aws_vpc.development": {
                    "type": "aws_vpc",
                    "depends_on": [],
                    "primary": {
                        "id": "vpc-004fc02ff89658ce4",
                        "attributes": {
                            "arn": "arn:aws:ec2:us-east-1:279121917916:vpc/vpc-004fc02ff89658ce4",
                            "assign_generated_ipv6_cidr_block": "false",
                            "cidr_block": "192.168.0.0/16",
                            "default_network_acl_id": "acl-0c56e91837dd6d66f",
                            "default_route_table_id": "rtb-0104c0f051a144c46",
                            "default_security_group_id": "sg-0785699c338acf625",
                            "dhcp_options_id": "dopt-107f6272",
                            "enable_classiclink": "false",
                            "enable_classiclink_dns_support": "false",
                            "enable_dns_hostnames": "false",
                            "enable_dns_support": "true",
                            "id": "vpc-004fc02ff89658ce4",
                            "instance_tenancy": "default",
                            "main_route_table_id": "rtb-0104c0f051a144c46",
                            "tags.%": "0"
                        },
                        "meta": {
                            "schema_version": "1"
                        },
                        "tainted": false
                    },
                    "deposed": [],
                    "provider": "provider.aws"
                }
            },
            "depends_on": []
        }
    ]
}
